
Microsoft Visual Studio Solution File, Format Version 12.00
# Visual Studio 15
VisualStudioVersion = 15.0.27130.2027
MinimumVisualStudioVersion = 10.0.40219.1
Project("{FAE04EC0-301F-11D3-BF4B-00C04F79EFBC}") = "Business", "Business\Business.csproj", "{78E35A2C-83D8-492F-8C79-386B03CC5028}"
	ProjectSection(ProjectDependencies) = postProject
		{9B27C879-DFEE-4EDB-A0FD-30C869284B00} = {9B27C879-DFEE-4EDB-A0FD-30C869284B00}
	EndProjectSection
EndProject
Project("{FAE04EC0-301F-11D3-BF4B-00C04F79EFBC}") = "Data", "Data\Data.csproj", "{9B27C879-DFEE-4EDB-A0FD-30C869284B00}"
EndProject
Project("{FAE04EC0-301F-11D3-BF4B-00C04F79EFBC}") = "UnitTests", "UnitTests\UnitTests.csproj", "{FEB6BAB2-A025-420C-B6E8-EAEA61CA4D78}"
EndProject
Global
	GlobalSection(SolutionConfigurationPlatforms) = preSolution
		Debug|Any CPU = Debug|Any CPU
		Release|Any CPU = Release|Any CPU
	EndGlobalSection
	GlobalSection(ProjectConfigurationPlatforms) = postSolution
		{78E35A2C-83D8-492F-8C79-386B03CC5028}.Debug|Any CPU.ActiveCfg = Debug|Any CPU
		{78E35A2C-83D8-492F-8C79-386B03CC5028}.Debug|Any CPU.Build.0 = Debug|Any CPU
		{78E35A2C-83D8-492F-8C79-386B03CC5028}.Release|Any CPU.ActiveCfg = Release|Any CPU
		{78E35A2C-83D8-492F-8C79-386B03CC5028}.Release|Any CPU.Build.0 = Release|Any CPU
		{9B27C879-DFEE-4EDB-A0FD-30C869284B00}.Debug|Any CPU.ActiveCfg = Debug|Any CPU
		{9B27C879-DFEE-4EDB-A0FD-30C869284B00}.Debug|Any CPU.Build.0 = Debug|Any CPU
		{9B27C879-DFEE-4EDB-A0FD-30C869284B00}.Release|Any CPU.ActiveCfg = Release|Any CPU
		{9B27C879-DFEE-4EDB-A0FD-30C869284B00}.Release|Any CPU.Build.0 = Release|Any CPU
		{FEB6BAB2-A025-420C-B6E8-EAEA61CA4D78}.Debug|Any CPU.ActiveCfg = Debug|Any CPU
		{FEB6BAB2-A025-420C-B6E8-EAEA61CA4D78}.Debug|Any CPU.Build.0 = Debug|Any CPU
		{FEB6BAB2-A025-420C-B6E8-EAEA61CA4D78}.Release|Any CPU.ActiveCfg = Release|Any CPU
		{FEB6BAB2-A025-420C-B6E8-EAEA61CA4D78}.Release|Any CPU.Build.0 = Release|Any CPU
	EndGlobalSection
	GlobalSection(SolutionProperties) = preSolution
		HideSolutionNode = FALSE
	EndGlobalSection
	GlobalSection(ExtensibilityGlobals) = postSolution
		SolutionGuid = {ED73746D-2020-47C7-9085-906512AA7F7D}
	EndGlobalSection
EndGlobal
